
Microsoft Visual Studio Solution File, Format Version 12.00
# Visual Studio Version 17
VisualStudioVersion = 17.6.33801.468
MinimumVisualStudioVersion = 10.0.40219.1
Project("{9A19103F-16F7-4668-BE54-9A1E7A4F7556}") = "DataHubIntern.MinimumApi", "DataHubIntern.MinimumApi\DataHubIntern.MinimumApi.csproj", "{EECCB2ED-A588-4448-A2CE-225DEC78A22D}"
EndProject
Project("{9A19103F-16F7-4668-BE54-9A1E7A4F7556}") = "DataHubIntern.Client", "DataHubIntern.Client\DataHubIntern.Client.csproj", "{980861D9-4DC8-4232-AC6F-72C2586F7D2F}"
EndProject
Project("{9A19103F-16F7-4668-BE54-9A1E7A4F7556}") = "DataHubIntern.Shared", "DataHubIntern.Shared\DataHubIntern.Shared.csproj", "{86598BA2-2EAD-4F15-BBFA-23B7D77DCC06}"
EndProject
Project("{9A19103F-16F7-4668-BE54-9A1E7A4F7556}") = "DataHubIntern.EnrichFunctions", "DataHubIntern.EnrichFunctions\DataHubIntern.EnrichFunctions.csproj", "{206E4734-BC4F-4A36-BEB3-908CB600D44C}"
EndProject
Project("{9A19103F-16F7-4668-BE54-9A1E7A4F7556}") = "DataHubIntern.Db", "DataHubIntern.Db\DataHubIntern.Db.csproj", "{8C6F0F03-E6E0-4E7F-82B5-B8E2B043B41F}"
EndProject
Global
	GlobalSection(SolutionConfigurationPlatforms) = preSolution
		Debug|Any CPU = Debug|Any CPU
		Release|Any CPU = Release|Any CPU
	EndGlobalSection
	GlobalSection(ProjectConfigurationPlatforms) = postSolution
		{EECCB2ED-A588-4448-A2CE-225DEC78A22D}.Debug|Any CPU.ActiveCfg = Debug|Any CPU
		{EECCB2ED-A588-4448-A2CE-225DEC78A22D}.Debug|Any CPU.Build.0 = Debug|Any CPU
		{EECCB2ED-A588-4448-A2CE-225DEC78A22D}.Release|Any CPU.ActiveCfg = Release|Any CPU
		{EECCB2ED-A588-4448-A2CE-225DEC78A22D}.Release|Any CPU.Build.0 = Release|Any CPU
		{980861D9-4DC8-4232-AC6F-72C2586F7D2F}.Debug|Any CPU.ActiveCfg = Debug|Any CPU
		{980861D9-4DC8-4232-AC6F-72C2586F7D2F}.Debug|Any CPU.Build.0 = Debug|Any CPU
		{980861D9-4DC8-4232-AC6F-72C2586F7D2F}.Release|Any CPU.ActiveCfg = Release|Any CPU
		{980861D9-4DC8-4232-AC6F-72C2586F7D2F}.Release|Any CPU.Build.0 = Release|Any CPU
		{86598BA2-2EAD-4F15-BBFA-23B7D77DCC06}.Debug|Any CPU.ActiveCfg = Debug|Any CPU
		{86598BA2-2EAD-4F15-BBFA-23B7D77DCC06}.Debug|Any CPU.Build.0 = Debug|Any CPU
		{86598BA2-2EAD-4F15-BBFA-23B7D77DCC06}.Release|Any CPU.ActiveCfg = Release|Any CPU
		{86598BA2-2EAD-4F15-BBFA-23B7D77DCC06}.Release|Any CPU.Build.0 = Release|Any CPU
		{206E4734-BC4F-4A36-BEB3-908CB600D44C}.Debug|Any CPU.ActiveCfg = Debug|Any CPU
		{206E4734-BC4F-4A36-BEB3-908CB600D44C}.Debug|Any CPU.Build.0 = Debug|Any CPU
		{206E4734-BC4F-4A36-BEB3-908CB600D44C}.Release|Any CPU.ActiveCfg = Release|Any CPU
		{206E4734-BC4F-4A36-BEB3-908CB600D44C}.Release|Any CPU.Build.0 = Release|Any CPU
		{8C6F0F03-E6E0-4E7F-82B5-B8E2B043B41F}.Debug|Any CPU.ActiveCfg = Debug|Any CPU
		{8C6F0F03-E6E0-4E7F-82B5-B8E2B043B41F}.Debug|Any CPU.Build.0 = Debug|Any CPU
		{8C6F0F03-E6E0-4E7F-82B5-B8E2B043B41F}.Release|Any CPU.ActiveCfg = Release|Any CPU
		{8C6F0F03-E6E0-4E7F-82B5-B8E2B043B41F}.Release|Any CPU.Build.0 = Release|Any CPU
	EndGlobalSection
	GlobalSection(SolutionProperties) = preSolution
		HideSolutionNode = FALSE
	EndGlobalSection
	GlobalSection(ExtensibilityGlobals) = postSolution
		SolutionGuid = {D3CED060-F234-427C-B0AE-7BFBEEBC4D18}
	EndGlobalSection
EndGlobal
